PODS:
  - Alamofire (5.0.0-rc.2)
  - AlamofireObjectMapper (6.2.0):
    - Alamofire (= 5.0.0-rc.2)
    - ObjectMapper (~> 3.5.1)
  - DropDown (2.3.13)
  - ObjectMapper (3.5.3)
  - SDWebImage (5.12.2):
    - SDWebImage/Core (= 5.12.2)
  - SDWebImage/Core (5.12.2)
  - SearchTextField (1.2.4)
  - SKActivityIndicatorView (0.1.0)

DEPENDENCIES:
  - Alamofire (~> 5.0.0-rc.2)
  - AlamofireObjectMapper
  - DropDown
  - SDWebImage
  - SearchTextField
  - SKActivityIndicatorView

SPEC REPOS:
  trunk:
    - Alamofire
    - AlamofireObjectMapper
    - DropDown
    - ObjectMapper
    - SDWebImage
    - SearchTextField
    - SKActivityIndicatorView

SPEC CHECKSUMS:
  Alamofire: f9450d3c7f6bea2ad62e7a541c3e9b186c7991d6
  AlamofireObjectMapper: 74d1440c92c42bbcc2b5f4dc81654ac095ec669f
  DropDown: 8a2116376c1981888557f72ec2ffc9a5e0e456ec
  ObjectMapper: 97111c97e054a6ee25917662106689f0b4127b37
  SDWebImage: 240e5c12b592fb1268c1d03b8c90d90e8c2ffe82
  SearchTextField: 40dc3cc57def5a211f263cac263622c163bbc25a
  SKActivityIndicatorView: f46936f760d33eb8235333242269bf01cc9248ae

PODFILE CHECKSUM: c7f98043d94469b3227d7e11133b8d81e0484e68

COCOAPODS: 1.11.2
